{
    "guzzlehttp/guzzle": {
        "version": "6.5.x-dev"
    },
    "guzzlehttp/promises": {
        "version": "1.4-dev"
    },
    "guzzlehttp/psr7": {
        "version": "1.x-dev"
    },
    "php": {
        "version": "7.2"
    },
    "ralouphie/getallheaders": {
        "version": "3.0.3"
    }
}
